
Microsoft Visual Studio Solution File, Format Version 12.00
# Visual Studio 15
VisualStudioVersion = 15.0.28307.329
MinimumVisualStudioVersion = 10.0.40219.1
Project("{FAE04EC0-301F-11D3-BF4B-00C04F79EFBC}") = "AnthemsCoursework", "AnthemsCoursework\AnthemsCoursework.csproj", "{12934EE6-2E5B-40C3-AAFA-8DDEF3B8A631}"
EndProject
Project("{FAE04EC0-301F-11D3-BF4B-00C04F79EFBC}") = "Anthems-Webjob", "Anthems-Webjob\Anthems-Webjob.csproj", "{34EE72E2-B092-45C8-BB36-CEB997FEA16D}"
EndProject
Global
	GlobalSection(SolutionConfigurationPlatforms) = preSolution
		Debug|Any CPU = Debug|Any CPU
		Release|Any CPU = Release|Any CPU
	EndGlobalSection
	GlobalSection(ProjectConfigurationPlatforms) = postSolution
		{12934EE6-2E5B-40C3-AAFA-8DDEF3B8A631}.Debug|Any CPU.ActiveCfg = Debug|Any CPU
		{12934EE6-2E5B-40C3-AAFA-8DDEF3B8A631}.Debug|Any CPU.Build.0 = Debug|Any CPU
		{12934EE6-2E5B-40C3-AAFA-8DDEF3B8A631}.Release|Any CPU.ActiveCfg = Release|Any CPU
		{12934EE6-2E5B-40C3-AAFA-8DDEF3B8A631}.Release|Any CPU.Build.0 = Release|Any CPU
		{34EE72E2-B092-45C8-BB36-CEB997FEA16D}.Debug|Any CPU.ActiveCfg = Debug|Any CPU
		{34EE72E2-B092-45C8-BB36-CEB997FEA16D}.Debug|Any CPU.Build.0 = Debug|Any CPU
		{34EE72E2-B092-45C8-BB36-CEB997FEA16D}.Release|Any CPU.ActiveCfg = Release|Any CPU
		{34EE72E2-B092-45C8-BB36-CEB997FEA16D}.Release|Any CPU.Build.0 = Release|Any CPU
	EndGlobalSection
	GlobalSection(SolutionProperties) = preSolution
		HideSolutionNode = FALSE
	EndGlobalSection
	GlobalSection(ExtensibilityGlobals) = postSolution
		SolutionGuid = {89A5190B-3D19-44C5-9E57-E058F3D225B9}
	EndGlobalSection
EndGlobal
